// !$*UTF8*$!
{
	archiveVersion = 1;
	classes = {
	};
	objectVersion = 46;
	objects = {

/* Begin PBXBuildFile section */
		3533D6601CC361FD004566B7 /* UIView+AutoLayout.m in Sources */ = {isa = PBXBuildFile; fileRef = 3533D65F1CC361FD004566B7 /* UIView+AutoLayout.m */; };
		3533D6621CC49631004566B7 /* Home.storyboard in Resources */ = {isa = PBXBuildFile; fileRef = 3533D6641CC49631004566B7 /* Home.storyboard */; };
		3533D66D1CC498A2004566B7 /* InfoPlist.strings in Resources */ = {isa = PBXBuildFile; fileRef = 3533D66F1CC498A2004566B7 /* InfoPlist.strings */; };
		3533D6721CC498DC004566B7 /* Localizable.strings in Resources */ = {isa = PBXBuildFile; fileRef = 3533D6741CC498DC004566B7 /* Localizable.strings */; };
		35758EB51CB4AD4C00F2B54B /* main.m in Sources */ = {isa = PBXBuildFile; fileRef = 35758EB41CB4AD4C00F2B54B /* main.m */; };
		35758EC01CB4AD4C00F2B54B /* Assets.xcassets in Resources */ = {isa = PBXBuildFile; fileRef = 35758EBF1CB4AD4C00F2B54B /* Assets.xcassets */; };
		35758EC31CB4AD4C00F2B54B /* LaunchScreen.storyboard in Resources */ = {isa = PBXBuildFile; fileRef = 35758EC11CB4AD4C00F2B54B /* LaunchScreen.storyboard */; };
		3580CCC01CBB37DB00524F4E /* AppDelegate.m in Sources */ = {isa = PBXBuildFile; fileRef = 3580CCBF1CBB37DB00524F4E /* AppDelegate.m */; };
		3580CCCF1CBB3F3600524F4E /* DPFocusViewController.m in Sources */ = {isa = PBXBuildFile; fileRef = 3580CCCE1CBB3F3600524F4E /* DPFocusViewController.m */; };
		3580CCD21CBB3F4700524F4E /* DPSettingsViewController.m in Sources */ = {isa = PBXBuildFile; fileRef = 3580CCD11CBB3F4700524F4E /* DPSettingsViewController.m */; };
		3580CCD51CBB3F7A00524F4E /* DPNavigationController.m in Sources */ = {isa = PBXBuildFile; fileRef = 3580CCD41CBB3F7A00524F4E /* DPNavigationController.m */; };
		3580CCDB1CBB474C00524F4E /* DPTimerView.m in Sources */ = {isa = PBXBuildFile; fileRef = 3580CCDA1CBB474C00524F4E /* DPTimerView.m */; };
		3580CCDE1CBB5B0200524F4E /* DPButton.m in Sources */ = {isa = PBXBuildFile; fileRef = 3580CCDD1CBB5B0200524F4E /* DPButton.m */; };
		3580CCE11CBB648A00524F4E /* DPConst.m in Sources */ = {isa = PBXBuildFile; fileRef = 3580CCE01CBB648A00524F4E /* DPConst.m */; };
		359738641CD03EBC0063CCC2 /* NotificationCenter.framework in Frameworks */ = {isa = PBXBuildFile; fileRef = 359738631CD03EBC0063CCC2 /* NotificationCenter.framework */; };
		359738681CD03EBC0063CCC2 /* TodayViewController.m in Sources */ = {isa = PBXBuildFile; fileRef = 359738671CD03EBC0063CCC2 /* TodayViewController.m */; };
		3597386B1CD03EBC0063CCC2 /* MainInterface.storyboard in Resources */ = {isa = PBXBuildFile; fileRef = 359738691CD03EBC0063CCC2 /* MainInterface.storyboard */; };
		359738701CD03EBC0063CCC2 /* DPToday.appex in Embed App Extensions */ = {isa = PBXBuildFile; fileRef = 359738611CD03EBC0063CCC2 /* DPToday.appex */; settings = {ATTRIBUTES = (RemoveHeadersOnCopy, ); }; };
		359738741CD074980063CCC2 /* DPTimerView.m in Sources */ = {isa = PBXBuildFile; fileRef = 3580CCDA1CBB474C00524F4E /* DPTimerView.m */; };
		359738811CD190910063CCC2 /* ALView+PureLayout.m in Sources */ = {isa = PBXBuildFile; fileRef = 359738791CD190910063CCC2 /* ALView+PureLayout.m */; };
		359738821CD190910063CCC2 /* ALView+PureLayout.m in Sources */ = {isa = PBXBuildFile; fileRef = 359738791CD190910063CCC2 /* ALView+PureLayout.m */; };
		359738831CD190910063CCC2 /* NSArray+PureLayout.m in Sources */ = {isa = PBXBuildFile; fileRef = 3597387B1CD190910063CCC2 /* NSArray+PureLayout.m */; };
		359738841CD190910063CCC2 /* NSArray+PureLayout.m in Sources */ = {isa = PBXBuildFile; fileRef = 3597387B1CD190910063CCC2 /* NSArray+PureLayout.m */; };
		359738851CD190910063CCC2 /* NSLayoutConstraint+PureLayout.m in Sources */ = {isa = PBXBuildFile; fileRef = 3597387D1CD190910063CCC2 /* NSLayoutConstraint+PureLayout.m */; };
		359738861CD190910063CCC2 /* NSLayoutConstraint+PureLayout.m in Sources */ = {isa = PBXBuildFile; fileRef = 3597387D1CD190910063CCC2 /* NSLayoutConstraint+PureLayout.m */; };
		359739031CD2F7E80063CCC2 /* Interface.storyboard in Resources */ = {isa = PBXBuildFile; fileRef = 359739011CD2F7E80063CCC2 /* Interface.storyboard */; };
		359739051CD2F7E80063CCC2 /* Assets.xcassets in Resources */ = {isa = PBXBuildFile; fileRef = 359739041CD2F7E80063CCC2 /* Assets.xcassets */; };
		3597390C1CD2F7E80063CCC2 /* TomateWatch Extension.appex in Embed App Extensions */ = {isa = PBXBuildFile; fileRef = 3597390B1CD2F7E80063CCC2 /* TomateWatch Extension.appex */; settings = {ATTRIBUTES = (RemoveHeadersOnCopy, ); }; };
		359739141CD2F7E80063CCC2 /* InterfaceController.m in Sources */ = {isa = PBXBuildFile; fileRef = 359739131CD2F7E80063CCC2 /* InterfaceController.m */; };
		359739171CD2F7E80063CCC2 /* ExtensionDelegate.m in Sources */ = {isa = PBXBuildFile; fileRef = 359739161CD2F7E80063CCC2 /* ExtensionDelegate.m */; };
		3597391A1CD2F7E80063CCC2 /* NotificationController.m in Sources */ = {isa = PBXBuildFile; fileRef = 359739191CD2F7E80063CCC2 /* NotificationController.m */; };
		3597391C1CD2F7E80063CCC2 /* Assets.xcassets in Resources */ = {isa = PBXBuildFile; fileRef = 3597391B1CD2F7E80063CCC2 /* Assets.xcassets */; };
		359739201CD2F7E80063CCC2 /* TomateWatch.app in Embed Watch Content */ = {isa = PBXBuildFile; fileRef = 359738FF1CD2F7E80063CCC2 /* TomateWatch.app */; };
		35973A241CD5C5A40063CCC2 /* ComplicationController.m in Sources */ = {isa = PBXBuildFile; fileRef = 35973A231CD5C5A40063CCC2 /* ComplicationController.m */; };
		35C4F75D1CC71FB400EF6B3B /* DPInputHostView.m in Sources */ = {isa = PBXBuildFile; fileRef = 35C4F75C1CC71FB400EF6B3B /* DPInputHostView.m */; };
/* End PBXBuildFile section */

/* Begin PBXContainerItemProxy section */
		3597386D1CD03EBC0063CCC2 /* PBXContainerItemProxy */ = {
			isa = PBXContainerItemProxy;
			containerPortal = 35758EA81CB4AD4C00F2B54B /* Project object */;
			proxyType = 1;
			remoteGlobalIDString = 359738601CD03EBC0063CCC2;
			remoteInfo = DPToday;
		};
		3597390D1CD2F7E80063CCC2 /* PBXContainerItemProxy */ = {
			isa = PBXContainerItemProxy;
			containerPortal = 35758EA81CB4AD4C00F2B54B /* Project object */;
			proxyType = 1;
			remoteGlobalIDString = 3597390A1CD2F7E80063CCC2;
			remoteInfo = "TomateWatch Extension";
		};
		3597391E1CD2F7E80063CCC2 /* PBXContainerItemProxy */ = {
			isa = PBXContainerItemProxy;
			containerPortal = 35758EA81CB4AD4C00F2B54B /* Project object */;
			proxyType = 1;
			remoteGlobalIDString = 359738FE1CD2F7E80063CCC2;
			remoteInfo = TomateWatch;
		};
/* End PBXContainerItemProxy section */

/* Begin PBXCopyFilesBuildPhase section */
		3597386F1CD03EBC0063CCC2 /* Embed App Extensions */ = {
			isa = PBXCopyFilesBuildPhase;
			buildActionMask = 2147483647;
			dstPath = "";
			dstSubfolderSpec = 13;
			files = (
				359738701CD03EBC0063CCC2 /* DPToday.appex in Embed App Extensions */,
			);
			name = "Embed App Extensions";
			runOnlyForDeploymentPostprocessing = 0;
		};
		359739241CD2F7E90063CCC2 /* Embed App Extensions */ = {
			isa = PBXCopyFilesBuildPhase;
			buildActionMask = 2147483647;
			dstPath = "";
			dstSubfolderSpec = 13;
			files = (
				3597390C1CD2F7E80063CCC2 /* TomateWatch Extension.appex in Embed App Extensions */,
			);
			name = "Embed App Extensions";
			runOnlyForDeploymentPostprocessing = 0;
		};
		359739281CD2F7E90063CCC2 /* Embed Watch Content */ = {
			isa = PBXCopyFilesBuildPhase;
			buildActionMask = 2147483647;
			dstPath = "$(CONTENTS_FOLDER_PATH)/Watch";
			dstSubfolderSpec = 16;
			files = (
				359739201CD2F7E80063CCC2 /* TomateWatch.app in Embed Watch Content */,
			);
			name = "Embed Watch Content";
			runOnlyForDeploymentPostprocessing = 0;
		};
/* End PBXCopyFilesBuildPhase section */

/* Begin PBXFileReference section */
		3533D65E1CC361FD004566B7 /* UIView+AutoLayout.h */ = {isa = PBXFileReference; fileEncoding = 4; lastKnownFileType = sourcecode.c.h; path = "UIView+AutoLayout.h"; sourceTree = "<group>"; };
		3533D65F1CC361FD004566B7 /* UIView+AutoLayout.m */ = {isa = PBXFileReference; fileEncoding = 4; lastKnownFileType = sourcecode.c.objc; path = "UIView+AutoLayout.m"; sourceTree = "<group>"; };
		3533D6611CC49585004566B7 /* zh-Hans */ = {isa = PBXFileReference; lastKnownFileType = text.plist.strings; name = "zh-Hans"; path = "zh-Hans.lproj/LaunchScreen.strings"; sourceTree = "<group>"; };
		3533D6631CC49631004566B7 /* Base */ = {isa = PBXFileReference; lastKnownFileType = file.storyboard; name = Base; path = Base.lproj/Home.storyboard; sourceTree = "<group>"; };
		3533D6661CC49634004566B7 /* en */ = {isa = PBXFileReference; lastKnownFileType = text.plist.strings; name = en; path = en.lproj/Home.strings; sourceTree = "<group>"; };
		3533D6681CC49635004566B7 /* zh-Hans */ = {isa = PBXFileReference; lastKnownFileType = text.plist.strings; name = "zh-Hans"; path = "zh-Hans.lproj/Home.strings"; sourceTree = "<group>"; };
		3533D6701CC498A4004566B7 /* en */ = {isa = PBXFileReference; lastKnownFileType = text.plist.strings; name = en; path = en.lproj/InfoPlist.strings; sourceTree = "<group>"; };
		3533D6711CC498A5004566B7 /* zh-Hans */ = {isa = PBXFileReference; lastKnownFileType = text.plist.strings; name = "zh-Hans"; path = "zh-Hans.lproj/InfoPlist.strings"; sourceTree = "<group>"; };
		3533D6751CC498E1004566B7 /* en */ = {isa = PBXFileReference; lastKnownFileType = text.plist.strings; name = en; path = en.lproj/Localizable.strings; sourceTree = "<group>"; };
		3533D6761CC498E6004566B7 /* zh-Hans */ = {isa = PBXFileReference; lastKnownFileType = text.plist.strings; name = "zh-Hans"; path = "zh-Hans.lproj/Localizable.strings"; sourceTree = "<group>"; };
		35758EB01CB4AD4C00F2B54B /* DPTomate.app */ = {isa = PBXFileReference; explicitFileType = wrapper.application; includeInIndex = 0; path = DPTomate.app; sourceTree = BUILT_PRODUCTS_DIR; };
		35758EB41CB4AD4C00F2B54B /* main.m */ = {isa = PBXFileReference; lastKnownFileType = sourcecode.c.objc; path = main.m; sourceTree = "<group>"; };
		35758EBF1CB4AD4C00F2B54B /* Assets.xcassets */ = {isa = PBXFileReference; lastKnownFileType = folder.assetcatalog; path = Assets.xcassets; sourceTree = "<group>"; };
		35758EC21CB4AD4C00F2B54B /* Base */ = {isa = PBXFileReference; lastKnownFileType = file.storyboard; name = Base; path = Base.lproj/LaunchScreen.storyboard; sourceTree = "<group>"; };
		35758EC41CB4AD4C00F2B54B /* Info.plist */ = {isa = PBXFileReference; lastKnownFileType = text.plist.xml; path = Info.plist; sourceTree = "<group>"; };
		3580CCBE1CBB37DB00524F4E /* AppDelegate.h */ = {isa = PBXFileReference; fileEncoding = 4; lastKnownFileType = sourcecode.c.h; path = AppDelegate.h; sourceTree = "<group>"; };
		3580CCBF1CBB37DB00524F4E /* AppDelegate.m */ = {isa = PBXFileReference; fileEncoding = 4; lastKnownFileType = sourcecode.c.objc; path = AppDelegate.m; sourceTree = "<group>"; };
		3580CCCD1CBB3F3600524F4E /* DPFocusViewController.h */ = {isa = PBXFileReference; fileEncoding = 4; lastKnownFileType = sourcecode.c.h; path = DPFocusViewController.h; sourceTree = "<group>"; };
		3580CCCE1CBB3F3600524F4E /* DPFocusViewController.m */ = {isa = PBXFileReference; fileEncoding = 4; lastKnownFileType = sourcecode.c.objc; path = DPFocusViewController.m; sourceTree = "<group>"; };
		3580CCD01CBB3F4700524F4E /* DPSettingsViewController.h */ = {isa = PBXFileReference; fileEncoding = 4; lastKnownFileType = sourcecode.c.h; path = DPSettingsViewController.h; sourceTree = "<group>"; };
		3580CCD11CBB3F4700524F4E /* DPSettingsViewController.m */ = {isa = PBXFileReference; fileEncoding = 4; lastKnownFileType = sourcecode.c.objc; path = DPSettingsViewController.m; sourceTree = "<group>"; };
		3580CCD31CBB3F7A00524F4E /* DPNavigationController.h */ = {isa = PBXFileReference; fileEncoding = 4; lastKnownFileType = sourcecode.c.h; path = DPNavigationController.h; sourceTree = "<group>"; };
		3580CCD41CBB3F7A00524F4E /* DPNavigationController.m */ = {isa = PBXFileReference; fileEncoding = 4; lastKnownFileType = sourcecode.c.objc; path = DPNavigationController.m; sourceTree = "<group>"; };
		3580CCD91CBB474C00524F4E /* DPTimerView.h */ = {isa = PBXFileReference; fileEncoding = 4; lastKnownFileType = sourcecode.c.h; path = DPTimerView.h; sourceTree = "<group>"; };
		3580CCDA1CBB474C00524F4E /* DPTimerView.m */ = {isa = PBXFileReference; fileEncoding = 4; lastKnownFileType = sourcecode.c.objc; path = DPTimerView.m; sourceTree = "<group>"; };
		3580CCDC1CBB5B0200524F4E /* DPButton.h */ = {isa = PBXFileReference; fileEncoding = 4; lastKnownFileType = sourcecode.c.h; path = DPButton.h; sourceTree = "<group>"; };
		3580CCDD1CBB5B0200524F4E /* DPButton.m */ = {isa = PBXFileReference; fileEncoding = 4; lastKnownFileType = sourcecode.c.objc; path = DPButton.m; sourceTree = "<group>"; };
		3580CCDF1CBB648A00524F4E /* DPConst.h */ = {isa = PBXFileReference; fileEncoding = 4; lastKnownFileType = sourcecode.c.h; path = DPConst.h; sourceTree = "<group>"; };
		3580CCE01CBB648A00524F4E /* DPConst.m */ = {isa = PBXFileReference; fileEncoding = 4; lastKnownFileType = sourcecode.c.objc; path = DPConst.m; sourceTree = "<group>"; };
		3580CCE21CBB64B400524F4E /* PrefixHeader.pch */ = {isa = PBXFileReference; fileEncoding = 4; lastKnownFileType = sourcecode.c.h; path = PrefixHeader.pch; sourceTree = "<group>"; };
		359738611CD03EBC0063CCC2 /* DPToday.appex */ = {isa = PBXFileReference; explicitFileType = "wrapper.app-extension"; includeInIndex = 0; path = DPToday.appex; sourceTree = BUILT_PRODUCTS_DIR; };
		359738631CD03EBC0063CCC2 /* NotificationCenter.framework */ = {isa = PBXFileReference; lastKnownFileType = wrapper.framework; name = NotificationCenter.framework; path = System/Library/Frameworks/NotificationCenter.framework; sourceTree = SDKROOT; };
		359738661CD03EBC0063CCC2 /* TodayViewController.h */ = {isa = PBXFileReference; lastKnownFileType = sourcecode.c.h; path = TodayViewController.h; sourceTree = "<group>"; };
		359738671CD03EBC0063CCC2 /* TodayViewController.m */ = {isa = PBXFileReference; lastKnownFileType = sourcecode.c.objc; path = TodayViewController.m; sourceTree = "<group>"; };
		3597386A1CD03EBC0063CCC2 /* Base */ = {isa = PBXFileReference; lastKnownFileType = file.storyboard; name = Base; path = Base.lproj/MainInterface.storyboard; sourceTree = "<group>"; };
		3597386C1CD03EBC0063CCC2 /* Info.plist */ = {isa = PBXFileReference; lastKnownFileType = text.plist.xml; path = Info.plist; sourceTree = "<group>"; };
		359738751CD079150063CCC2 /* libobjc.A.tbd */ = {isa = PBXFileReference; lastKnownFileType = "sourcecode.text-based-dylib-definition"; name = libobjc.A.tbd; path = usr/lib/libobjc.A.tbd; sourceTree = SDKROOT; };
		359738781CD190910063CCC2 /* ALView+PureLayout.h */ = {isa = PBXFileReference; fileEncoding = 4; lastKnownFileType = sourcecode.c.h; path = "ALView+PureLayout.h"; sourceTree = "<group>"; };
		359738791CD190910063CCC2 /* ALView+PureLayout.m */ = {isa = PBXFileReference; fileEncoding = 4; lastKnownFileType = sourcecode.c.objc; path = "ALView+PureLayout.m"; sourceTree = "<group>"; };
		3597387A1CD190910063CCC2 /* NSArray+PureLayout.h */ = {isa = PBXFileReference; fileEncoding = 4; lastKnownFileType = sourcecode.c.h; path = "NSArray+PureLayout.h"; sourceTree = "<group>"; };
		3597387B1CD190910063CCC2 /* NSArray+PureLayout.m */ = {isa = PBXFileReference; fileEncoding = 4; lastKnownFileType = sourcecode.c.objc; path = "NSArray+PureLayout.m"; sourceTree = "<group>"; };
		3597387C1CD190910063CCC2 /* NSLayoutConstraint+PureLayout.h */ = {isa = PBXFileReference; fileEncoding = 4; lastKnownFileType = sourcecode.c.h; path = "NSLayoutConstraint+PureLayout.h"; sourceTree = "<group>"; };
		3597387D1CD190910063CCC2 /* NSLayoutConstraint+PureLayout.m */ = {isa = PBXFileReference; fileEncoding = 4; lastKnownFileType = sourcecode.c.objc; path = "NSLayoutConstraint+PureLayout.m"; sourceTree = "<group>"; };
		3597387E1CD190910063CCC2 /* PureLayout+Internal.h */ = {isa = PBXFileReference; fileEncoding = 4; lastKnownFileType = sourcecode.c.h; path = "PureLayout+Internal.h"; sourceTree = "<group>"; };
		3597387F1CD190910063CCC2 /* PureLayout.h */ = {isa = PBXFileReference; fileEncoding = 4; lastKnownFileType = sourcecode.c.h; path = PureLayout.h; sourceTree = "<group>"; };
		359738801CD190910063CCC2 /* PureLayoutDefines.h */ = {isa = PBXFileReference; fileEncoding = 4; lastKnownFileType = sourcecode.c.h; path = PureLayoutDefines.h; sourceTree = "<group>"; };
		359738C11CD1DE0E0063CCC2 /* DPTomate.entitlements */ = {isa = PBXFileReference; lastKnownFileType = text.xml; path = DPTomate.entitlements; sourceTree = "<group>"; };
		359738C21CD1E7170063CCC2 /* DPToday.entitlements */ = {isa = PBXFileReference; lastKnownFileType = text.xml; path = DPToday.entitlements; sourceTree = "<group>"; };
		359738FF1CD2F7E80063CCC2 /* TomateWatch.app */ = {isa = PBXFileReference; explicitFileType = wrapper.application; includeInIndex = 0; path = TomateWatch.app; sourceTree = BUILT_PRODUCTS_DIR; };
		359739021CD2F7E80063CCC2 /* Base */ = {isa = PBXFileReference; lastKnownFileType = file.storyboard; name = Base; path = Base.lproj/Interface.storyboard; sourceTree = "<group>"; };
		359739041CD2F7E80063CCC2 /* Assets.xcassets */ = {isa = PBXFileReference; lastKnownFileType = folder.assetcatalog; path = Assets.xcassets; sourceTree = "<group>"; };
		359739061CD2F7E80063CCC2 /* Info.plist */ = {isa = PBXFileReference; lastKnownFileType = text.plist.xml; path = Info.plist; sourceTree = "<group>"; };
		3597390B1CD2F7E80063CCC2 /* TomateWatch Extension.appex */ = {isa = PBXFileReference; explicitFileType = "wrapper.app-extension"; includeInIndex = 0; path = "TomateWatch Extension.appex"; sourceTree = BUILT_PRODUCTS_DIR; };
		359739111CD2F7E80063CCC2 /* PushNotificationPayload.apns */ = {isa = PBXFileReference; lastKnownFileType = text; path = PushNotificationPayload.apns; sourceTree = "<group>"; };
		359739121CD2F7E80063CCC2 /* InterfaceController.h */ = {isa = PBXFileReference; lastKnownFileType = sourcecode.c.h; path = InterfaceController.h; sourceTree = "<group>"; };
		359739131CD2F7E80063CCC2 /* InterfaceController.m */ = {isa = PBXFileReference; lastKnownFileType = sourcecode.c.objc; path = InterfaceController.m; sourceTree = "<group>"; };
		359739151CD2F7E80063CCC2 /* ExtensionDelegate.h */ = {isa = PBXFileReference; lastKnownFileType = sourcecode.c.h; path = ExtensionDelegate.h; sourceTree = "<group>"; };
		359739161CD2F7E80063CCC2 /* ExtensionDelegate.m */ = {isa = PBXFileReference; lastKnownFileType = sourcecode.c.objc; path = ExtensionDelegate.m; sourceTree = "<group>"; };
		359739181CD2F7E80063CCC2 /* NotificationController.h */ = {isa = PBXFileReference; lastKnownFileType = sourcecode.c.h; path = NotificationController.h; sourceTree = "<group>"; };
		359739191CD2F7E80063CCC2 /* NotificationController.m */ = {isa = PBXFileReference; lastKnownFileType = sourcecode.c.objc; path = NotificationController.m; sourceTree = "<group>"; };
		3597391B1CD2F7E80063CCC2 /* Assets.xcassets */ = {isa = PBXFileReference; lastKnownFileType = folder.assetcatalog; path = Assets.xcassets; sourceTree = "<group>"; };
		3597391D1CD2F7E80063CCC2 /* Info.plist */ = {isa = PBXFileReference; lastKnownFileType = text.plist.xml; path = Info.plist; sourceTree = "<group>"; };
		3597392A1CD367CA0063CCC2 /* en */ = {isa = PBXFileReference; lastKnownFileType = text.plist.strings; name = en; path = en.lproj/Interface.strings; sourceTree = "<group>"; };
		3597392C1CD367CE0063CCC2 /* zh-Hans */ = {isa = PBXFileReference; lastKnownFileType = text.plist.strings; name = "zh-Hans"; path = "zh-Hans.lproj/Interface.strings"; sourceTree = "<group>"; };
		35973A221CD5C5A40063CCC2 /* ComplicationController.h */ = {isa = PBXFileReference; fileEncoding = 4; lastKnownFileType = sourcecode.c.h; path = ComplicationController.h; sourceTree = "<group>"; };
		35973A231CD5C5A40063CCC2 /* ComplicationController.m */ = {isa = PBXFileReference; fileEncoding = 4; lastKnownFileType = sourcecode.c.objc; path = ComplicationController.m; sourceTree = "<group>"; };
		35C4F75B1CC71FB400EF6B3B /* DPInputHostView.h */ = {isa = PBXFileReference; fileEncoding = 4; lastKnownFileType = sourcecode.c.h; path = DPInputHostView.h; sourceTree = "<group>"; };
		35C4F75C1CC71FB400EF6B3B /* DPInputHostView.m */ = {isa = PBXFileReference; fileEncoding = 4; lastKnownFileType = sourcecode.c.objc; path = DPInputHostView.m; sourceTree = "<group>"; };
/* End PBXFileReference section */

/* Begin PBXFrameworksBuildPhase section */
		35758EAD1CB4AD4C00F2B54B /* Frameworks */ = {
			isa = PBXFrameworksBuildPhase;
			buildActionMask = 2147483647;
			files = (
			);
			runOnlyForDeploymentPostprocessing = 0;
		};
		3597385E1CD03EBC0063CCC2 /* Frameworks */ = {
			isa = PBXFrameworksBuildPhase;
			buildActionMask = 2147483647;
			files = (
				359738641CD03EBC0063CCC2 /* NotificationCenter.framework in Frameworks */,
			);
			runOnlyForDeploymentPostprocessing = 0;
		};
		359739081CD2F7E80063CCC2 /* Frameworks */ = {
			isa = PBXFrameworksBuildPhase;
			buildActionMask = 2147483647;
			files = (
			);
			runOnlyForDeploymentPostprocessing = 0;
		};
/* End PBXFrameworksBuildPhase section */

/* Begin PBXGroup section */
		35758EA71CB4AD4C00F2B54B = {
			isa = PBXGroup;
			children = (
				35758EB21CB4AD4C00F2B54B /* DPTomate */,
				359738651CD03EBC0063CCC2 /* DPToday */,
				359739001CD2F7E80063CCC2 /* TomateWatch */,
				3597390F1CD2F7E80063CCC2 /* TomateWatch Extension */,
				359738621CD03EBC0063CCC2 /* Frameworks */,
				35758EB11CB4AD4C00F2B54B /* Products */,
			);
			sourceTree = "<group>";
		};
		35758EB11CB4AD4C00F2B54B /* Products */ = {
			isa = PBXGroup;
			children = (
				35758EB01CB4AD4C00F2B54B /* DPTomate.app */,
				359738611CD03EBC0063CCC2 /* DPToday.appex */,
				359738FF1CD2F7E80063CCC2 /* TomateWatch.app */,
				3597390B1CD2F7E80063CCC2 /* TomateWatch Extension.appex */,
			);
			name = Products;
			sourceTree = "<group>";
		};
		35758EB21CB4AD4C00F2B54B /* DPTomate */ = {
			isa = PBXGroup;
			children = (
				359738C11CD1DE0E0063CCC2 /* DPTomate.entitlements */,
				3580CCB51CBB37DB00524F4E /* Classes */,
				35758EBF1CB4AD4C00F2B54B /* Assets.xcassets */,
				35758EC11CB4AD4C00F2B54B /* LaunchScreen.storyboard */,
				35758EC41CB4AD4C00F2B54B /* Info.plist */,
				35758EB31CB4AD4C00F2B54B /* Supporting Files */,
			);
			path = DPTomate;
			sourceTree = "<group>";
		};
		35758EB31CB4AD4C00F2B54B /* Supporting Files */ = {
			isa = PBXGroup;
			children = (
				35758EB41CB4AD4C00F2B54B /* main.m */,
				3533D66F1CC498A2004566B7 /* InfoPlist.strings */,
				3533D6741CC498DC004566B7 /* Localizable.strings */,
			);
			name = "Supporting Files";
			sourceTree = "<group>";
		};
		3580CCB51CBB37DB00524F4E /* Classes */ = {
			isa = PBXGroup;
			children = (
				3580CCB61CBB37DB00524F4E /* Home(首页) */,
				3580CCBA1CBB37DB00524F4E /* Main */,
			);
			path = Classes;
			sourceTree = "<group>";
		};
		3580CCB61CBB37DB00524F4E /* Home(首页) */ = {
			isa = PBXGroup;
			children = (
				3580CCB71CBB37DB00524F4E /* Controller */,
				3580CCB81CBB37DB00524F4E /* Model */,
				3580CCB91CBB37DB00524F4E /* View */,
			);
			path = "Home(首页)";
			sourceTree = "<group>";
		};
		3580CCB71CBB37DB00524F4E /* Controller */ = {
			isa = PBXGroup;
			children = (
				3533D6641CC49631004566B7 /* Home.storyboard */,
				3580CCD31CBB3F7A00524F4E /* DPNavigationController.h */,
				3580CCD41CBB3F7A00524F4E /* DPNavigationController.m */,
				3580CCCD1CBB3F3600524F4E /* DPFocusViewController.h */,
				3580CCCE1CBB3F3600524F4E /* DPFocusViewController.m */,
				3580CCD01CBB3F4700524F4E /* DPSettingsViewController.h */,
				3580CCD11CBB3F4700524F4E /* DPSettingsViewController.m */,
			);
			path = Controller;
			sourceTree = "<group>";
		};
		3580CCB81CBB37DB00524F4E /* Model */ = {
			isa = PBXGroup;
			children = (
			);
			path = Model;
			sourceTree = "<group>";
		};
		3580CCB91CBB37DB00524F4E /* View */ = {
			isa = PBXGroup;
			children = (
				3580CCD91CBB474C00524F4E /* DPTimerView.h */,
				3580CCDA1CBB474C00524F4E /* DPTimerView.m */,
				3580CCDC1CBB5B0200524F4E /* DPButton.h */,
				3580CCDD1CBB5B0200524F4E /* DPButton.m */,
				35C4F75B1CC71FB400EF6B3B /* DPInputHostView.h */,
				35C4F75C1CC71FB400EF6B3B /* DPInputHostView.m */,
			);
			path = View;
			sourceTree = "<group>";
		};
		3580CCBA1CBB37DB00524F4E /* Main */ = {
			isa = PBXGroup;
			children = (
				3580CCBB1CBB37DB00524F4E /* Categarty */,
				3580CCBC1CBB37DB00524F4E /* Lib */,
				3580CCBD1CBB37DB00524F4E /* Other */,
			);
			path = Main;
			sourceTree = "<group>";
		};
		3580CCBB1CBB37DB00524F4E /* Categarty */ = {
			isa = PBXGroup;
			children = (
				3533D65E1CC361FD004566B7 /* UIView+AutoLayout.h */,
				3533D65F1CC361FD004566B7 /* UIView+AutoLayout.m */,
			);
			path = Categarty;
			sourceTree = "<group>";
		};
		3580CCBC1CBB37DB00524F4E /* Lib */ = {
			isa = PBXGroup;
			children = (
				359738771CD190910063CCC2 /* PureLayout */,
			);
			path = Lib;
			sourceTree = "<group>";
		};
		3580CCBD1CBB37DB00524F4E /* Other */ = {
			isa = PBXGroup;
			children = (
				3580CCBE1CBB37DB00524F4E /* AppDelegate.h */,
				3580CCBF1CBB37DB00524F4E /* AppDelegate.m */,
				3580CCDF1CBB648A00524F4E /* DPConst.h */,
				3580CCE01CBB648A00524F4E /* DPConst.m */,
				3580CCE21CBB64B400524F4E /* PrefixHeader.pch */,
			);
			path = Other;
			sourceTree = "<group>";
		};
		359738621CD03EBC0063CCC2 /* Frameworks */ = {
			isa = PBXGroup;
			children = (
				359738751CD079150063CCC2 /* libobjc.A.tbd */,
				359738631CD03EBC0063CCC2 /* NotificationCenter.framework */,
			);
			name = Frameworks;
			sourceTree = "<group>";
		};
		359738651CD03EBC0063CCC2 /* DPToday */ = {
			isa = PBXGroup;
			children = (
				359738C21CD1E7170063CCC2 /* DPToday.entitlements */,
				359738661CD03EBC0063CCC2 /* TodayViewController.h */,
				359738671CD03EBC0063CCC2 /* TodayViewController.m */,
				359738691CD03EBC0063CCC2 /* MainInterface.storyboard */,
				3597386C1CD03EBC0063CCC2 /* Info.plist */,
			);
			path = DPToday;
			sourceTree = "<group>";
		};
		359738771CD190910063CCC2 /* PureLayout */ = {
			isa = PBXGroup;
			children = (
				359738781CD190910063CCC2 /* ALView+PureLayout.h */,
				359738791CD190910063CCC2 /* ALView+PureLayout.m */,
				3597387A1CD190910063CCC2 /* NSArray+PureLayout.h */,
				3597387B1CD190910063CCC2 /* NSArray+PureLayout.m */,
				3597387C1CD190910063CCC2 /* NSLayoutConstraint+PureLayout.h */,
				3597387D1CD190910063CCC2 /* NSLayoutConstraint+PureLayout.m */,
				3597387E1CD190910063CCC2 /* PureLayout+Internal.h */,
				3597387F1CD190910063CCC2 /* PureLayout.h */,
				359738801CD190910063CCC2 /* PureLayoutDefines.h */,
			);
			path = PureLayout;
			sourceTree = "<group>";
		};
		359739001CD2F7E80063CCC2 /* TomateWatch */ = {
			isa = PBXGroup;
			children = (
				359739011CD2F7E80063CCC2 /* Interface.storyboard */,
				359739041CD2F7E80063CCC2 /* Assets.xcassets */,
				359739061CD2F7E80063CCC2 /* Info.plist */,
			);
			path = TomateWatch;
			sourceTree = "<group>";
		};
		3597390F1CD2F7E80063CCC2 /* TomateWatch Extension */ = {
			isa = PBXGroup;
			children = (
				359739121CD2F7E80063CCC2 /* InterfaceController.h */,
				359739131CD2F7E80063CCC2 /* InterfaceController.m */,
				359739151CD2F7E80063CCC2 /* ExtensionDelegate.h */,
				359739161CD2F7E80063CCC2 /* ExtensionDelegate.m */,
				359739181CD2F7E80063CCC2 /* NotificationController.h */,
				359739191CD2F7E80063CCC2 /* NotificationController.m */,
				35973A221CD5C5A40063CCC2 /* ComplicationController.h */,
				35973A231CD5C5A40063CCC2 /* ComplicationController.m */,
				3597391B1CD2F7E80063CCC2 /* Assets.xcassets */,
				3597391D1CD2F7E80063CCC2 /* Info.plist */,
				359739101CD2F7E80063CCC2 /* Supporting Files */,
			);
			path = "TomateWatch Extension";
			sourceTree = "<group>";
		};
		359739101CD2F7E80063CCC2 /* Supporting Files */ = {
			isa = PBXGroup;
			children = (
				359739111CD2F7E80063CCC2 /* PushNotificationPayload.apns */,
			);
			name = "Supporting Files";
			sourceTree = "<group>";
		};
/* End PBXGroup section */

/* Begin PBXNativeTarget section */
		35758EAF1CB4AD4C00F2B54B /* DPTomate */ = {
			isa = PBXNativeTarget;
			buildConfigurationList = 35758EC71CB4AD4C00F2B54B /* Build configuration list for PBXNativeTarget "DPTomate" */;
			buildPhases = (
				35758EAC1CB4AD4C00F2B54B /* Sources */,
				35758EAD1CB4AD4C00F2B54B /* Frameworks */,
				35758EAE1CB4AD4C00F2B54B /* Resources */,
				3597386F1CD03EBC0063CCC2 /* Embed App Extensions */,
				359739281CD2F7E90063CCC2 /* Embed Watch Content */,
			);
			buildRules = (
			);
			dependencies = (
				3597386E1CD03EBC0063CCC2 /* PBXTargetDependency */,
				3597391F1CD2F7E80063CCC2 /* PBXTargetDependency */,
			);
			name = DPTomate;
			productName = DPTomate;
			productReference = 35758EB01CB4AD4C00F2B54B /* DPTomate.app */;
			productType = "com.apple.product-type.application";
		};
		359738601CD03EBC0063CCC2 /* DPToday */ = {
			isa = PBXNativeTarget;
			buildConfigurationList = 359738731CD03EBD0063CCC2 /* Build configuration list for PBXNativeTarget "DPToday" */;
			buildPhases = (
				3597385D1CD03EBC0063CCC2 /* Sources */,
				3597385E1CD03EBC0063CCC2 /* Frameworks */,
				3597385F1CD03EBC0063CCC2 /* Resources */,
			);
			buildRules = (
			);
			dependencies = (
			);
			name = DPToday;
			productName = DPToday;
			productReference = 359738611CD03EBC0063CCC2 /* DPToday.appex */;
			productType = "com.apple.product-type.app-extension";
		};
		359738FE1CD2F7E80063CCC2 /* TomateWatch */ = {
			isa = PBXNativeTarget;
			buildConfigurationList = 359739251CD2F7E90063CCC2 /* Build configuration list for PBXNativeTarget "TomateWatch" */;
			buildPhases = (
				359738FD1CD2F7E80063CCC2 /* Resources */,
				359739241CD2F7E90063CCC2 /* Embed App Extensions */,
			);
			buildRules = (
			);
			dependencies = (
				3597390E1CD2F7E80063CCC2 /* PBXTargetDependency */,
			);
			name = TomateWatch;
			productName = TomateWatch;
			productReference = 359738FF1CD2F7E80063CCC2 /* TomateWatch.app */;
			productType = "com.apple.product-type.application.watchapp2";
		};
		3597390A1CD2F7E80063CCC2 /* TomateWatch Extension */ = {
			isa = PBXNativeTarget;
			buildConfigurationList = 359739211CD2F7E90063CCC2 /* Build configuration list for PBXNativeTarget "TomateWatch Extension" */;
			buildPhases = (
				359739071CD2F7E80063CCC2 /* Sources */,
				359739081CD2F7E80063CCC2 /* Frameworks */,
				359739091CD2F7E80063CCC2 /* Resources */,
			);
			buildRules = (
			);
			dependencies = (
			);
			name = "TomateWatch Extension";
			productName = "TomateWatch Extension";
			productReference = 3597390B1CD2F7E80063CCC2 /* TomateWatch Extension.appex */;
			productType = "com.apple.product-type.watchkit2-extension";
		};
/* End PBXNativeTarget section */

/* Begin PBXProject section */
		35758EA81CB4AD4C00F2B54B /* Project object */ = {
			isa = PBXProject;
			attributes = {
				CLASSPREFIX = DP;
				LastUpgradeCheck = 0720;
				ORGANIZATIONNAME = DPRuin;
				TargetAttributes = {
					35758EAF1CB4AD4C00F2B54B = {
						CreatedOnToolsVersion = 7.2;
						DevelopmentTeam = WVDCG7BX62;
						SystemCapabilities = {
							com.apple.ApplicationGroups.iOS = {
								enabled = 1;
							};
						};
					};
					359738601CD03EBC0063CCC2 = {
						CreatedOnToolsVersion = 7.2;
						DevelopmentTeam = WVDCG7BX62;
						SystemCapabilities = {
							com.apple.ApplicationGroups.iOS = {
								enabled = 1;
							};
						};
					};
					359738FE1CD2F7E80063CCC2 = {
						CreatedOnToolsVersion = 7.2;
						DevelopmentTeam = WVDCG7BX62;
					};
					3597390A1CD2F7E80063CCC2 = {
						CreatedOnToolsVersion = 7.2;
						DevelopmentTeam = WVDCG7BX62;
					};
				};
			};
			buildConfigurationList = 35758EAB1CB4AD4C00F2B54B /* Build configuration list for PBXProject "DPTomate" */;
			compatibilityVersion = "Xcode 3.2";
			developmentRegion = English;
			hasScannedForEncodings = 0;
			knownRegions = (
				en,
				Base,
				"zh-Hans",
			);
			mainGroup = 35758EA71CB4AD4C00F2B54B;
			productRefGroup = 35758EB11CB4AD4C00F2B54B /* Products */;
			projectDirPath = "";
			projectRoot = "";
			targets = (
				35758EAF1CB4AD4C00F2B54B /* DPTomate */,
				359738601CD03EBC0063CCC2 /* DPToday */,
				359738FE1CD2F7E80063CCC2 /* TomateWatch */,
				3597390A1CD2F7E80063CCC2 /* TomateWatch Extension */,
			);
		};
/* End PBXProject section */

/* Begin PBXResourcesBuildPhase section */
		35758EAE1CB4AD4C00F2B54B /* Resources */ = {
			isa = PBXResourcesBuildPhase;
			buildActionMask = 2147483647;
			files = (
				3533D6621CC49631004566B7 /* Home.storyboard in Resources */,
				3533D6721CC498DC004566B7 /* Localizable.strings in Resources */,
				35758EC31CB4AD4C00F2B54B /* LaunchScreen.storyboard in Resources */,
				35758EC01CB4AD4C00F2B54B /* Assets.xcassets in Resources */,
				3533D66D1CC498A2004566B7 /* InfoPlist.strings in Resources */,
			);
			runOnlyForDeploymentPostprocessing = 0;
		};
		3597385F1CD03EBC0063CCC2 /* Resources */ = {
			isa = PBXResourcesBuildPhase;
			buildActionMask = 2147483647;
			files = (
				3597386B1CD03EBC0063CCC2 /* MainInterface.storyboard in Resources */,
			);
			runOnlyForDeploymentPostprocessing = 0;
		};
		359738FD1CD2F7E80063CCC2 /* Resources */ = {
			isa = PBXResourcesBuildPhase;
			buildActionMask = 2147483647;
			files = (
				359739051CD2F7E80063CCC2 /* Assets.xcassets in Resources */,
				359739031CD2F7E80063CCC2 /* Interface.storyboard in Resources */,
			);
			runOnlyForDeploymentPostprocessing = 0;
		};
		359739091CD2F7E80063CCC2 /* Resources */ = {
			isa = PBXResourcesBuildPhase;
			buildActionMask = 2147483647;
			files = (
				3597391C1CD2F7E80063CCC2 /* Assets.xcassets in Resources */,
			);
			runOnlyForDeploymentPostprocessing = 0;
		};
/* End PBXResourcesBuildPhase section */

/* Begin PBXSourcesBuildPhase section */
		35758EAC1CB4AD4C00F2B54B /* Sources */ = {
			isa = PBXSourcesBuildPhase;
			buildActionMask = 2147483647;
			files = (
				3580CCD51CBB3F7A00524F4E /* DPNavigationController.m in Sources */,
				3580CCCF1CBB3F3600524F4E /* DPFocusViewController.m in Sources */,
				359738851CD190910063CCC2 /* NSLayoutConstraint+PureLayout.m in Sources */,
				3580CCD21CBB3F4700524F4E /* DPSettingsViewController.m in Sources */,
				3580CCE11CBB648A00524F4E /* DPConst.m in Sources */,
				359738831CD190910063CCC2 /* NSArray+PureLayout.m in Sources */,
				35758EB51CB4AD4C00F2B54B /* main.m in Sources */,
				35C4F75D1CC71FB400EF6B3B /* DPInputHostView.m in Sources */,
				3533D6601CC361FD004566B7 /* UIView+AutoLayout.m in Sources */,
				3580CCC01CBB37DB00524F4E /* AppDelegate.m in Sources */,
				3580CCDE1CBB5B0200524F4E /* DPButton.m in Sources */,
				3580CCDB1CBB474C00524F4E /* DPTimerView.m in Sources */,
				359738811CD190910063CCC2 /* ALView+PureLayout.m in Sources */,
			);
			runOnlyForDeploymentPostprocessing = 0;
		};
		3597385D1CD03EBC0063CCC2 /* Sources */ = {
			isa = PBXSourcesBuildPhase;
			buildActionMask = 2147483647;
			files = (
				359738841CD190910063CCC2 /* NSArray+PureLayout.m in Sources */,
				359738861CD190910063CCC2 /* NSLayoutConstraint+PureLayout.m in Sources */,
				359738741CD074980063CCC2 /* DPTimerView.m in Sources */,
				359738821CD190910063CCC2 /* ALView+PureLayout.m in Sources */,
				359738681CD03EBC0063CCC2 /* TodayViewController.m in Sources */,
			);
			runOnlyForDeploymentPostprocessing = 0;
		};
		359739071CD2F7E80063CCC2 /* Sources */ = {
			isa = PBXSourcesBuildPhase;
			buildActionMask = 2147483647;
			files = (
				359739171CD2F7E80063CCC2 /* ExtensionDelegate.m in Sources */,
				35973A241CD5C5A40063CCC2 /* ComplicationController.m in Sources */,
				359739141CD2F7E80063CCC2 /* InterfaceController.m in Sources */,
				3597391A1CD2F7E80063CCC2 /* NotificationController.m in Sources */,
			);
			runOnlyForDeploymentPostprocessing = 0;
		};
/* End PBXSourcesBuildPhase section */

/* Begin PBXTargetDependency section */
		3597386E1CD03EBC0063CCC2 /* PBXTargetDependency */ = {
			isa = PBXTargetDependency;
			target = 359738601CD03EBC0063CCC2 /* DPToday */;
			targetProxy = 3597386D1CD03EBC0063CCC2 /* PBXContainerItemProxy */;
		};
		3597390E1CD2F7E80063CCC2 /* PBXTargetDependency */ = {
			isa = PBXTargetDependency;
			target = 3597390A1CD2F7E80063CCC2 /* TomateWatch Extension */;
			targetProxy = 3597390D1CD2F7E80063CCC2 /* PBXContainerItemProxy */;
		};
		3597391F1CD2F7E80063CCC2 /* PBXTargetDependency */ = {
			isa = PBXTargetDependency;
			target = 359738FE1CD2F7E80063CCC2 /* TomateWatch */;
			targetProxy = 3597391E1CD2F7E80063CCC2 /* PBXContainerItemProxy */;
		};
/* End PBXTargetDependency section */

/* Begin PBXVariantGroup section */
		3533D6641CC49631004566B7 /* Home.storyboard */ = {
			isa = PBXVariantGroup;
			children = (
				3533D6631CC49631004566B7 /* Base */,
				3533D6661CC49634004566B7 /* en */,
				3533D6681CC49635004566B7 /* zh-Hans */,
			);
			name = Home.storyboard;
			sourceTree = "<group>";
		};
		3533D66F1CC498A2004566B7 /* InfoPlist.strings */ = {
			isa = PBXVariantGroup;
			children = (
				3533D6701CC498A4004566B7 /* en */,
				3533D6711CC498A5004566B7 /* zh-Hans */,
			);
			name = InfoPlist.strings;
			sourceTree = "<group>";
		};
		3533D6741CC498DC004566B7 /* Localizable.strings */ = {
			isa = PBXVariantGroup;
			children = (
				3533D6751CC498E1004566B7 /* en */,
				3533D6761CC498E6004566B7 /* zh-Hans */,
			);
			name = Localizable.strings;
			sourceTree = "<group>";
		};
		35758EC11CB4AD4C00F2B54B /* LaunchScreen.storyboard */ = {
			isa = PBXVariantGroup;
			children = (
				35758EC21CB4AD4C00F2B54B /* Base */,
				3533D6611CC49585004566B7 /* zh-Hans */,
			);
			name = LaunchScreen.storyboard;
			sourceTree = "<group>";
		};
		359738691CD03EBC0063CCC2 /* MainInterface.storyboard */ = {
			isa = PBXVariantGroup;
			children = (
				3597386A1CD03EBC0063CCC2 /* Base */,
			);
			name = MainInterface.storyboard;
			sourceTree = "<group>";
		};
		359739011CD2F7E80063CCC2 /* Interface.storyboard */ = {
			isa = PBXVariantGroup;
			children = (
				359739021CD2F7E80063CCC2 /* Base */,
				3597392A1CD367CA0063CCC2 /* en */,
				3597392C1CD367CE0063CCC2 /* zh-Hans */,
			);
			name = Interface.storyboard;
			sourceTree = "<group>";
		};
/* End PBXVariantGroup section */

/* Begin XCBuildConfiguration section */
		35758EC51CB4AD4C00F2B54B /* Debug */ = {
			isa = XCBuildConfiguration;
			buildSettings = {
				ALWAYS_SEARCH_USER_PATHS = NO;
				CLANG_CXX_LANGUAGE_STANDARD = "gnu++0x";
				CLANG_CXX_LIBRARY = "libc++";
				CLANG_ENABLE_MODULES = YES;
				CLANG_ENABLE_OBJC_ARC = YES;
				CLANG_WARN_BOOL_CONVERSION = YES;
				CLANG_WARN_CONSTANT_CONVERSION = YES;
				CLANG_WARN_DIRECT_OBJC_ISA_USAGE = YES_ERROR;
				CLANG_WARN_EMPTY_BODY = YES;
				CLANG_WARN_ENUM_CONVERSION = YES;
				CLANG_WARN_INT_CONVERSION = YES;
				CLANG_WARN_OBJC_ROOT_CLASS = YES_ERROR;
				CLANG_WARN_UNREACHABLE_CODE = YES;
				CLANG_WARN__DUPLICATE_METHOD_MATCH = YES;
				"CODE_SIGN_IDENTITY[sdk=iphoneos*]" = "iPhone Developer";
				COPY_PHASE_STRIP = NO;
				DEBUG_INFORMATION_FORMAT = dwarf;
				ENABLE_STRICT_OBJC_MSGSEND = YES;
				ENABLE_TESTABILITY = YES;
				GCC_C_LANGUAGE_STANDARD = gnu99;
				GCC_DYNAMIC_NO_PIC = NO;
				GCC_NO_COMMON_BLOCKS = YES;
				GCC_OPTIMIZATION_LEVEL = 0;
				GCC_PREPROCESSOR_DEFINITIONS = (
					"DEBUG=1",
					"$(inherited)",
				);
				GCC_WARN_64_TO_32_BIT_CONVERSION = YES;
				GCC_WARN_ABOUT_RETURN_TYPE = YES_ERROR;
				GCC_WARN_UNDECLARED_SELECTOR = YES;
				GCC_WARN_UNINITIALIZED_AUTOS = YES_AGGRESSIVE;
				GCC_WARN_UNUSED_FUNCTION = YES;
				GCC_WARN_UNUSED_VARIABLE = YES;
				IPHONEOS_DEPLOYMENT_TARGET = 9.2;
				MTL_ENABLE_DEBUG_INFO = YES;
				ONLY_ACTIVE_ARCH = YES;
				SDKROOT = iphoneos;
				TARGETED_DEVICE_FAMILY = "1,2";
			};
			name = Debug;
		};
		35758EC61CB4AD4C00F2B54B /* Release */ = {
			isa = XCBuildConfiguration;
			buildSettings = {
				ALWAYS_SEARCH_USER_PATHS = NO;
				CLANG_CXX_LANGUAGE_STANDARD = "gnu++0x";
				CLANG_CXX_LIBRARY = "libc++";
				CLANG_ENABLE_MODULES = YES;
				CLANG_ENABLE_OBJC_ARC = YES;
				CLANG_WARN_BOOL_CONVERSION = YES;
				CLANG_WARN_CONSTANT_CONVERSION = YES;
				CLANG_WARN_DIRECT_OBJC_ISA_USAGE = YES_ERROR;
				CLANG_WARN_EMPTY_BODY = YES;
				CLANG_WARN_ENUM_CONVERSION = YES;
				CLANG_WARN_INT_CONVERSION = YES;
				CLANG_WARN_OBJC_ROOT_CLASS = YES_ERROR;
				CLANG_WARN_UNREACHABLE_CODE = YES;
				CLANG_WARN__DUPLICATE_METHOD_MATCH = YES;
				"CODE_SIGN_IDENTITY[sdk=iphoneos*]" = "iPhone Developer";
				COPY_PHASE_STRIP = NO;
				DEBUG_INFORMATION_FORMAT = "dwarf-with-dsym";
				ENABLE_NS_ASSERTIONS = NO;
				ENABLE_STRICT_OBJC_MSGSEND = YES;
				GCC_C_LANGUAGE_STANDARD = gnu99;
				GCC_NO_COMMON_BLOCKS = YES;
				GCC_WARN_64_TO_32_BIT_CONVERSION = YES;
				GCC_WARN_ABOUT_RETURN_TYPE = YES_ERROR;
				GCC_WARN_UNDECLARED_SELECTOR = YES;
				GCC_WARN_UNINITIALIZED_AUTOS = YES_AGGRESSIVE;
				GCC_WARN_UNUSED_FUNCTION = YES;
				GCC_WARN_UNUSED_VARIABLE = YES;
				IPHONEOS_DEPLOYMENT_TARGET = 9.2;
				MTL_ENABLE_DEBUG_INFO = NO;
				SDKROOT = iphoneos;
				TARGETED_DEVICE_FAMILY = "1,2";
				VALIDATE_PRODUCT = YES;
			};
			name = Release;
		};
		35758EC81CB4AD4C00F2B54B /* Debug */ = {
			isa = XCBuildConfiguration;
			buildSettings = {
				ASSETCATALOG_COMPILER_APPICON_NAME = AppIcon;
				CODE_SIGN_ENTITLEMENTS = DPTomate/DPTomate.entitlements;
				CODE_SIGN_IDENTITY = "iPhone Developer";
				"CODE_SIGN_IDENTITY[sdk=iphoneos*]" = "iPhone Developer";
				GCC_PREFIX_HEADER = DPTomate/Classes/Main/Other/PrefixHeader.pch;
				INFOPLIST_FILE = DPTomate/Info.plist;
				LD_RUNPATH_SEARCH_PATHS = "$(inherited) @executable_path/Frameworks";
				PRODUCT_BUNDLE_IDENTIFIER = com.dpruin.DPTomate;
				PRODUCT_NAME = "$(TARGET_NAME)";
				PROVISIONING_PROFILE = "";
			};
			name = Debug;
		};
		35758EC91CB4AD4C00F2B54B /* Release */ = {
			isa = XCBuildConfiguration;
			buildSettings = {
				ASSETCATALOG_COMPILER_APPICON_NAME = AppIcon;
				CODE_SIGN_ENTITLEMENTS = DPTomate/DPTomate.entitlements;
				CODE_SIGN_IDENTITY = "iPhone Developer";
				"CODE_SIGN_IDENTITY[sdk=iphoneos*]" = "iPhone Developer";
				GCC_PREFIX_HEADER = DPTomate/Classes/Main/Other/PrefixHeader.pch;
				INFOPLIST_FILE = DPTomate/Info.plist;
				LD_RUNPATH_SEARCH_PATHS = "$(inherited) @executable_path/Frameworks";
				PRODUCT_BUNDLE_IDENTIFIER = com.dpruin.DPTomate;
				PRODUCT_NAME = "$(TARGET_NAME)";
				PROVISIONING_PROFILE = "";
			};
			name = Release;
		};
		359738711CD03EBD0063CCC2 /* Debug */ = {
			isa = XCBuildConfiguration;
			buildSettings = {
				CODE_SIGN_ENTITLEMENTS = DPToday/DPToday.entitlements;
				CODE_SIGN_IDENTITY = "iPhone Developer";
				"CODE_SIGN_IDENTITY[sdk=iphoneos*]" = "iPhone Developer";
				INFOPLIST_FILE = DPToday/Info.plist;
				LD_RUNPATH_SEARCH_PATHS = "$(inherited) @executable_path/Frameworks @executable_path/../../Frameworks";
				PRODUCT_BUNDLE_IDENTIFIER = com.dpruin.DPTomate.DPToday;
				PRODUCT_NAME = "$(TARGET_NAME)";
				PROVISIONING_PROFILE = "";
				SKIP_INSTALL = YES;
			};
			name = Debug;
		};
		359738721CD03EBD0063CCC2 /* Release */ = {
			isa = XCBuildConfiguration;
			buildSettings = {
				CODE_SIGN_ENTITLEMENTS = DPToday/DPToday.entitlements;
				CODE_SIGN_IDENTITY = "iPhone Developer";
				"CODE_SIGN_IDENTITY[sdk=iphoneos*]" = "iPhone Developer";
				INFOPLIST_FILE = DPToday/Info.plist;
				LD_RUNPATH_SEARCH_PATHS = "$(inherited) @executable_path/Frameworks @executable_path/../../Frameworks";
				PRODUCT_BUNDLE_IDENTIFIER = com.dpruin.DPTomate.DPToday;
				PRODUCT_NAME = "$(TARGET_NAME)";
				PROVISIONING_PROFILE = "";
				SKIP_INSTALL = YES;
			};
			name = Release;
		};
		359739221CD2F7E90063CCC2 /* Debug */ = {
			isa = XCBuildConfiguration;
			buildSettings = {
				ASSETCATALOG_COMPILER_COMPLICATION_NAME = Complication;
				INFOPLIST_FILE = "TomateWatch Extension/Info.plist";
				LD_RUNPATH_SEARCH_PATHS = "$(inherited) @executable_path/Frameworks @executable_path/../../Frameworks";
				PRODUCT_BUNDLE_IDENTIFIER = com.dpruin.DPTomate.watchkitapp.watchkitextension;
				PRODUCT_NAME = "${TARGET_NAME}";
				SDKROOT = watchos;
				SKIP_INSTALL = YES;
				TARGETED_DEVICE_FAMILY = 4;
				WATCHOS_DEPLOYMENT_TARGET = 2.1;
			};
			name = Debug;
		};
		359739231CD2F7E90063CCC2 /* Release */ = {
			isa = XCBuildConfiguration;
			buildSettings = {
				ASSETCATALOG_COMPILER_COMPLICATION_NAME = Complication;
				INFOPLIST_FILE = "TomateWatch Extension/Info.plist";
				LD_RUNPATH_SEARCH_PATHS = "$(inherited) @executable_path/Frameworks @executable_path/../../Frameworks";
				PRODUCT_BUNDLE_IDENTIFIER = com.dpruin.DPTomate.watchkitapp.watchkitextension;
				PRODUCT_NAME = "${TARGET_NAME}";
				SDKROOT = watchos;
				SKIP_INSTALL = YES;
				TARGETED_DEVICE_FAMILY = 4;
				WATCHOS_DEPLOYMENT_TARGET = 2.1;
			};
			name = Release;
		};
		359739261CD2F7E90063CCC2 /* Debug */ = {
			isa = XCBuildConfiguration;
			buildSettings = {
				ASSETCATALOG_COMPILER_APPICON_NAME = AppIcon;
				CODE_SIGN_IDENTITY = "iPhone Developer";
				"CODE_SIGN_IDENTITY[sdk=iphoneos*]" = "iPhone Developer";
				IBSC_MODULE = TomateWatch_Extension;
				INFOPLIST_FILE = TomateWatch/Info.plist;
				PRODUCT_BUNDLE_IDENTIFIER = com.dpruin.DPTomate.watchkitapp;
				PRODUCT_NAME = "$(TARGET_NAME)";
				SDKROOT = watchos;
				SKIP_INSTALL = YES;
				TARGETED_DEVICE_FAMILY = 4;
				WATCHOS_DEPLOYMENT_TARGET = 2.1;
			};
			name = Debug;
		};
		359739271CD2F7E90063CCC2 /* Release */ = {
			isa = XCBuildConfiguration;
			buildSettings = {
				ASSETCATALOG_COMPILER_APPICON_NAME = AppIcon;
				CODE_SIGN_IDENTITY = "iPhone Developer";
				"CODE_SIGN_IDENTITY[sdk=iphoneos*]" = "iPhone Developer";
				IBSC_MODULE = TomateWatch_Extension;
				INFOPLIST_FILE = TomateWatch/Info.plist;
				PRODUCT_BUNDLE_IDENTIFIER = com.dpruin.DPTomate.watchkitapp;
				PRODUCT_NAME = "$(TARGET_NAME)";
				SDKROOT = watchos;
				SKIP_INSTALL = YES;
				TARGETED_DEVICE_FAMILY = 4;
				WATCHOS_DEPLOYMENT_TARGET = 2.1;
			};
			name = Release;
		};
/* End XCBuildConfiguration section */

/* Begin XCConfigurationList section */
		35758EAB1CB4AD4C00F2B54B /* Build configuration list for PBXProject "DPTomate" */ = {
			isa = XCConfigurationList;
			buildConfigurations = (
				35758EC51CB4AD4C00F2B54B /* Debug */,
				35758EC61CB4AD4C00F2B54B /* Release */,
			);
			defaultConfigurationIsVisible = 0;
			defaultConfigurationName = Release;
		};
		35758EC71CB4AD4C00F2B54B /* Build configuration list for PBXNativeTarget "DPTomate" */ = {
			isa = XCConfigurationList;
			buildConfigurations = (
				35758EC81CB4AD4C00F2B54B /* Debug */,
				35758EC91CB4AD4C00F2B54B /* Release */,
			);
			defaultConfigurationIsVisible = 0;
			defaultConfigurationName = Release;
		};
		359738731CD03EBD0063CCC2 /* Build configuration list for PBXNativeTarget "DPToday" */ = {
			isa = XCConfigurationList;
			buildConfigurations = (
				359738711CD03EBD0063CCC2 /* Debug */,
				359738721CD03EBD0063CCC2 /* Release */,
			);
			defaultConfigurationIsVisible = 0;
		};
		359739211CD2F7E90063CCC2 /* Build configuration list for PBXNativeTarget "TomateWatch Extension" */ = {
			isa = XCConfigurationList;
			buildConfigurations = (
				359739221CD2F7E90063CCC2 /* Debug */,
				359739231CD2F7E90063CCC2 /* Release */,
			);
			defaultConfigurationIsVisible = 0;
		};
		359739251CD2F7E90063CCC2 /* Build configuration list for PBXNativeTarget "TomateWatch" */ = {
			isa = XCConfigurationList;
			buildConfigurations = (
				359739261CD2F7E90063CCC2 /* Debug */,
				359739271CD2F7E90063CCC2 /* Release */,
			);
			defaultConfigurationIsVisible = 0;
		};
/* End XCConfigurationList section */
	};
	rootObject = 35758EA81CB4AD4C00F2B54B /* Project object */;
}
